
Microsoft Visual Studio Solution File, Format Version 12.00
# Visual Studio Version 17
VisualStudioVersion = 17.4.33122.133
MinimumVisualStudioVersion = 10.0.40219.1
Project("{9A19103F-16F7-4668-BE54-9A1E7A4F7556}") = "01.Carried.Calories", "01.Carried.Calories\01.Carried.Calories.csproj", "{ED31235F-7BF4-4663-B180-CECD6F0ED0BF}"
EndProject
Project("{FAE04EC0-301F-11D3-BF4B-00C04F79EFBC}") = "02.Rock.Paper.Scissors", "02.Rock.Paper.Scissors\02.Rock.Paper.Scissors.csproj", "{C992BC19-3FD9-41E4-90A8-4C30367E4210}"
EndProject
Project("{FAE04EC0-301F-11D3-BF4B-00C04F79EFBC}") = "03.Rucksack.Reorganization", "03.Rucksack.Reorganization\03.Rucksack.Reorganization.csproj", "{2DD3F649-4510-485A-89BD-DF8A00DF2555}"
EndProject
Global
	GlobalSection(SolutionConfigurationPlatforms) = preSolution
		Debug|Any CPU = Debug|Any CPU
		Release|Any CPU = Release|Any CPU
	EndGlobalSection
	GlobalSection(ProjectConfigurationPlatforms) = postSolution
		{ED31235F-7BF4-4663-B180-CECD6F0ED0BF}.Debug|Any CPU.ActiveCfg = Debug|Any CPU
		{ED31235F-7BF4-4663-B180-CECD6F0ED0BF}.Debug|Any CPU.Build.0 = Debug|Any CPU
		{ED31235F-7BF4-4663-B180-CECD6F0ED0BF}.Release|Any CPU.ActiveCfg = Release|Any CPU
		{ED31235F-7BF4-4663-B180-CECD6F0ED0BF}.Release|Any CPU.Build.0 = Release|Any CPU
		{C992BC19-3FD9-41E4-90A8-4C30367E4210}.Debug|Any CPU.ActiveCfg = Debug|Any CPU
		{C992BC19-3FD9-41E4-90A8-4C30367E4210}.Debug|Any CPU.Build.0 = Debug|Any CPU
		{C992BC19-3FD9-41E4-90A8-4C30367E4210}.Release|Any CPU.ActiveCfg = Release|Any CPU
		{C992BC19-3FD9-41E4-90A8-4C30367E4210}.Release|Any CPU.Build.0 = Release|Any CPU
		{2DD3F649-4510-485A-89BD-DF8A00DF2555}.Debug|Any CPU.ActiveCfg = Debug|Any CPU
		{2DD3F649-4510-485A-89BD-DF8A00DF2555}.Debug|Any CPU.Build.0 = Debug|Any CPU
		{2DD3F649-4510-485A-89BD-DF8A00DF2555}.Release|Any CPU.ActiveCfg = Release|Any CPU
		{2DD3F649-4510-485A-89BD-DF8A00DF2555}.Release|Any CPU.Build.0 = Release|Any CPU
	EndGlobalSection
	GlobalSection(SolutionProperties) = preSolution
		HideSolutionNode = FALSE
	EndGlobalSection
	GlobalSection(ExtensibilityGlobals) = postSolution
		SolutionGuid = {0CF2CC14-7E9B-47FF-92F8-CB764481A2A7}
	EndGlobalSection
EndGlobal
